// !$*UTF8*$!
{
	archiveVersion = 1;
	classes = {
	};
	objectVersion = 56;
	objects = {

/* Begin PBXBuildFile section */
		AEB08F9C2900E511008B5215 /* CoreDataProjectV2App.swift in Sources */ = {isa = PBXBuildFile; fileRef = AEB08F9B2900E511008B5215 /* CoreDataProjectV2App.swift */; };
		AEB08F9E2900E511008B5215 /* ContentView.swift in Sources */ = {isa = PBXBuildFile; fileRef = AEB08F9D2900E511008B5215 /* ContentView.swift */; };
		AEB08FA02900E513008B5215 /* Assets.xcassets in Resources */ = {isa = PBXBuildFile; fileRef = AEB08F9F2900E513008B5215 /* Assets.xcassets */; };
		AEB08FA32900E513008B5215 /* Preview Assets.xcassets in Resources */ = {isa = PBXBuildFile; fileRef = AEB08FA22900E513008B5215 /* Preview Assets.xcassets */; };
		AEB08FAB2900E550008B5215 /* CoreDataProjectV2.xcdatamodeld in Sources */ = {isa = PBXBuildFile; fileRef = AEB08FA92900E550008B5215 /* CoreDataProjectV2.xcdatamodeld */; };
		AEB08FAD2900E571008B5215 /* DataController.swift in Sources */ = {isa = PBXBuildFile; fileRef = AEB08FAC2900E571008B5215 /* DataController.swift */; };
		AEB08FB22900E85F008B5215 /* Country+CoreDataClass.swift in Sources */ = {isa = PBXBuildFile; fileRef = AEB08FAE2900E85F008B5215 /* Country+CoreDataClass.swift */; };
		AEB08FB32900E85F008B5215 /* Country+CoreDataProperties.swift in Sources */ = {isa = PBXBuildFile; fileRef = AEB08FAF2900E85F008B5215 /* Country+CoreDataProperties.swift */; };
		AEB08FB42900E85F008B5215 /* Candy+CoreDataClass.swift in Sources */ = {isa = PBXBuildFile; fileRef = AEB08FB02900E85F008B5215 /* Candy+CoreDataClass.swift */; };
		AEB08FB52900E85F008B5215 /* Candy+CoreDataProperties.swift in Sources */ = {isa = PBXBuildFile; fileRef = AEB08FB12900E85F008B5215 /* Candy+CoreDataProperties.swift */; };
/* End PBXBuildFile section */

/* Begin PBXFileReference section */
		AEB08F982900E511008B5215 /* CoreDataProjectV2.app */ = {isa = PBXFileReference; explicitFileType = wrapper.application; includeInIndex = 0; path = CoreDataProjectV2.app; sourceTree = BUILT_PRODUCTS_DIR; };
		AEB08F9B2900E511008B5215 /* CoreDataProjectV2App.swift */ = {isa = PBXFileReference; lastKnownFileType = sourcecode.swift; path = CoreDataProjectV2App.swift; sourceTree = "<group>"; };
		AEB08F9D2900E511008B5215 /* ContentView.swift */ = {isa = PBXFileReference; lastKnownFileType = sourcecode.swift; path = ContentView.swift; sourceTree = "<group>"; };
		AEB08F9F2900E513008B5215 /* Assets.xcassets */ = {isa = PBXFileReference; lastKnownFileType = folder.assetcatalog; path = Assets.xcassets; sourceTree = "<group>"; };
		AEB08FA22900E513008B5215 /* Preview Assets.xcassets */ = {isa = PBXFileReference; lastKnownFileType = folder.assetcatalog; path = "Preview Assets.xcassets"; sourceTree = "<group>"; };
		AEB08FAA2900E550008B5215 /* CoreDataProjectV2.xcdatamodel */ = {isa = PBXFileReference; lastKnownFileType = wrapper.xcdatamodel; path = CoreDataProjectV2.xcdatamodel; sourceTree = "<group>"; };
		AEB08FAC2900E571008B5215 /* DataController.swift */ = {isa = PBXFileReference; lastKnownFileType = sourcecode.swift; path = DataController.swift; sourceTree = "<group>"; };
		AEB08FAE2900E85F008B5215 /* Country+CoreDataClass.swift */ = {isa = PBXFileReference; lastKnownFileType = sourcecode.swift; path = "Country+CoreDataClass.swift"; sourceTree = "<group>"; };
		AEB08FAF2900E85F008B5215 /* Country+CoreDataProperties.swift */ = {isa = PBXFileReference; lastKnownFileType = sourcecode.swift; path = "Country+CoreDataProperties.swift"; sourceTree = "<group>"; };
		AEB08FB02900E85F008B5215 /* Candy+CoreDataClass.swift */ = {isa = PBXFileReference; lastKnownFileType = sourcecode.swift; path = "Candy+CoreDataClass.swift"; sourceTree = "<group>"; };
		AEB08FB12900E85F008B5215 /* Candy+CoreDataProperties.swift */ = {isa = PBXFileReference; lastKnownFileType = sourcecode.swift; path = "Candy+CoreDataProperties.swift"; sourceTree = "<group>"; };
/* End PBXFileReference section */

/* Begin PBXFrameworksBuildPhase section */
		AEB08F952900E511008B5215 /* Frameworks */ = {
			isa = PBXFrameworksBuildPhase;
			buildActionMask = 2147483647;
			files = (
			);
			runOnlyForDeploymentPostprocessing = 0;
		};
/* End PBXFrameworksBuildPhase section */

/* Begin PBXGroup section */
		AEB08F8F2900E511008B5215 = {
			isa = PBXGroup;
			children = (
				AEB08F9A2900E511008B5215 /* CoreDataProjectV2 */,
				AEB08F992900E511008B5215 /* Products */,
			);
			sourceTree = "<group>";
		};
		AEB08F992900E511008B5215 /* Products */ = {
			isa = PBXGroup;
			children = (
				AEB08F982900E511008B5215 /* CoreDataProjectV2.app */,
			);
			name = Products;
			sourceTree = "<group>";
		};
		AEB08F9A2900E511008B5215 /* CoreDataProjectV2 */ = {
			isa = PBXGroup;
			children = (
				AEB08FAE2900E85F008B5215 /* Country+CoreDataClass.swift */,
				AEB08FAF2900E85F008B5215 /* Country+CoreDataProperties.swift */,
				AEB08FB02900E85F008B5215 /* Candy+CoreDataClass.swift */,
				AEB08FB12900E85F008B5215 /* Candy+CoreDataProperties.swift */,
				AEB08F9B2900E511008B5215 /* CoreDataProjectV2App.swift */,
				AEB08F9D2900E511008B5215 /* ContentView.swift */,
				AEB08FAC2900E571008B5215 /* DataController.swift */,
				AEB08FA92900E550008B5215 /* CoreDataProjectV2.xcdatamodeld */,
				AEB08F9F2900E513008B5215 /* Assets.xcassets */,
				AEB08FA12900E513008B5215 /* Preview Content */,
			);
			path = CoreDataProjectV2;
			sourceTree = "<group>";
		};
		AEB08FA12900E513008B5215 /* Preview Content */ = {
			isa = PBXGroup;
			children = (
				AEB08FA22900E513008B5215 /* Preview Assets.xcassets */,
			);
			path = "Preview Content";
			sourceTree = "<group>";
		};
/* End PBXGroup section */

/* Begin PBXNativeTarget section */
		AEB08F972900E511008B5215 /* CoreDataProjectV2 */ = {
			isa = PBXNativeTarget;
			buildConfigurationList = AEB08FA62900E513008B5215 /* Build configuration list for PBXNativeTarget "CoreDataProjectV2" */;
			buildPhases = (
				AEB08F942900E511008B5215 /* Sources */,
				AEB08F952900E511008B5215 /* Frameworks */,
				AEB08F962900E511008B5215 /* Resources */,
			);
			buildRules = (
			);
			dependencies = (
			);
			name = CoreDataProjectV2;
			productName = CoreDataProjectV2;
			productReference = AEB08F982900E511008B5215 /* CoreDataProjectV2.app */;
			productType = "com.apple.product-type.application";
		};
/* End PBXNativeTarget section */

/* Begin PBXProject section */
		AEB08F902900E511008B5215 /* Project object */ = {
			isa = PBXProject;
			attributes = {
				BuildIndependentTargetsInParallel = 1;
				LastSwiftUpdateCheck = 1400;
				LastUpgradeCheck = 1400;
				TargetAttributes = {
					AEB08F972900E511008B5215 = {
						CreatedOnToolsVersion = 14.0.1;
					};
				};
			};
			buildConfigurationList = AEB08F932900E511008B5215 /* Build configuration list for PBXProject "CoreDataProjectV2" */;
			compatibilityVersion = "Xcode 14.0";
			developmentRegion = en;
			hasScannedForEncodings = 0;
			knownRegions = (
				en,
				Base,
			);
			mainGroup = AEB08F8F2900E511008B5215;
			productRefGroup = AEB08F992900E511008B5215 /* Products */;
			projectDirPath = "";
			projectRoot = "";
			targets = (
				AEB08F972900E511008B5215 /* CoreDataProjectV2 */,
			);
		};
/* End PBXProject section */

/* Begin PBXResourcesBuildPhase section */
		AEB08F962900E511008B5215 /* Resources */ = {
			isa = PBXResourcesBuildPhase;
			buildActionMask = 2147483647;
			files = (
				AEB08FA32900E513008B5215 /* Preview Assets.xcassets in Resources */,
				AEB08FA02900E513008B5215 /* Assets.xcassets in Resources */,
			);
			runOnlyForDeploymentPostprocessing = 0;
		};
/* End PBXResourcesBuildPhase section */

/* Begin PBXSourcesBuildPhase section */
		AEB08F942900E511008B5215 /* Sources */ = {
			isa = PBXSourcesBuildPhase;
			buildActionMask = 2147483647;
			files = (
				AEB08F9E2900E511008B5215 /* ContentView.swift in Sources */,
				AEB08FAD2900E571008B5215 /* DataController.swift in Sources */,
				AEB08FB32900E85F008B5215 /* Country+CoreDataProperties.swift in Sources */,
				AEB08FB52900E85F008B5215 /* Candy+CoreDataProperties.swift in Sources */,
				AEB08F9C2900E511008B5215 /* CoreDataProjectV2App.swift in Sources */,
				AEB08FB22900E85F008B5215 /* Country+CoreDataClass.swift in Sources */,
				AEB08FAB2900E550008B5215 /* CoreDataProjectV2.xcdatamodeld in Sources */,
				AEB08FB42900E85F008B5215 /* Candy+CoreDataClass.swift in Sources */,
			);
			runOnlyForDeploymentPostprocessing = 0;
		};
/* End PBXSourcesBuildPhase section */

/* Begin XCBuildConfiguration section */
		AEB08FA42900E513008B5215 /* Debug */ = {
			isa = XCBuildConfiguration;
			buildSettings = {
				ALWAYS_SEARCH_USER_PATHS = NO;
				CLANG_ANALYZER_NONNULL = YES;
				CLANG_ANALYZER_NUMBER_OBJECT_CONVERSION = YES_AGGRESSIVE;
				CLANG_CXX_LANGUAGE_STANDARD = "gnu++20";
				CLANG_ENABLE_MODULES = YES;
				CLANG_ENABLE_OBJC_ARC = YES;
				CLANG_ENABLE_OBJC_WEAK = YES;
				CLANG_WARN_BLOCK_CAPTURE_AUTORELEASING = YES;
				CLANG_WARN_BOOL_CONVERSION = YES;
				CLANG_WARN_COMMA = YES;
				CLANG_WARN_CONSTANT_CONVERSION = YES;
				CLANG_WARN_DEPRECATED_OBJC_IMPLEMENTATIONS = YES;
				CLANG_WARN_DIRECT_OBJC_ISA_USAGE = YES_ERROR;
				CLANG_WARN_DOCUMENTATION_COMMENTS = YES;
				CLANG_WARN_EMPTY_BODY = YES;
				CLANG_WARN_ENUM_CONVERSION = YES;
				CLANG_WARN_INFINITE_RECURSION = YES;
				CLANG_WARN_INT_CONVERSION = YES;
				CLANG_WARN_NON_LITERAL_NULL_CONVERSION = YES;
				CLANG_WARN_OBJC_IMPLICIT_RETAIN_SELF = YES;
				CLANG_WARN_OBJC_LITERAL_CONVERSION = YES;
				CLANG_WARN_OBJC_ROOT_CLASS = YES_ERROR;
				CLANG_WARN_QUOTED_INCLUDE_IN_FRAMEWORK_HEADER = YES;
				CLANG_WARN_RANGE_LOOP_ANALYSIS = YES;
				CLANG_WARN_STRICT_PROTOTYPES = YES;
				CLANG_WARN_SUSPICIOUS_MOVE = YES;
				CLANG_WARN_UNGUARDED_AVAILABILITY = YES_AGGRESSIVE;
				CLANG_WARN_UNREACHABLE_CODE = YES;
				CLANG_WARN__DUPLICATE_METHOD_MATCH = YES;
				COPY_PHASE_STRIP = NO;
				DEBUG_INFORMATION_FORMAT = dwarf;
				ENABLE_STRICT_OBJC_MSGSEND = YES;
				ENABLE_TESTABILITY = YES;
				GCC_C_LANGUAGE_STANDARD = gnu11;
				GCC_DYNAMIC_NO_PIC = NO;
				GCC_NO_COMMON_BLOCKS = YES;
				GCC_OPTIMIZATION_LEVEL = 0;
				GCC_PREPROCESSOR_DEFINITIONS = (
					"DEBUG=1",
					"$(inherited)",
				);
				GCC_WARN_64_TO_32_BIT_CONVERSION = YES;
				GCC_WARN_ABOUT_RETURN_TYPE = YES_ERROR;
				GCC_WARN_UNDECLARED_SELECTOR = YES;
				GCC_WARN_UNINITIALIZED_AUTOS = YES_AGGRESSIVE;
				GCC_WARN_UNUSED_FUNCTION = YES;
				GCC_WARN_UNUSED_VARIABLE = YES;
				IPHONEOS_DEPLOYMENT_TARGET = 16.0;
				MTL_ENABLE_DEBUG_INFO = INCLUDE_SOURCE;
				MTL_FAST_MATH = YES;
				ONLY_ACTIVE_ARCH = YES;
				SDKROOT = iphoneos;
				SWIFT_ACTIVE_COMPILATION_CONDITIONS = DEBUG;
				SWIFT_OPTIMIZATION_LEVEL = "-Onone";
			};
			name = Debug;
		};
		AEB08FA52900E513008B5215 /* Release */ = {
			isa = XCBuildConfiguration;
			buildSettings = {
				ALWAYS_SEARCH_USER_PATHS = NO;
				CLANG_ANALYZER_NONNULL = YES;
				CLANG_ANALYZER_NUMBER_OBJECT_CONVERSION = YES_AGGRESSIVE;
				CLANG_CXX_LANGUAGE_STANDARD = "gnu++20";
				CLANG_ENABLE_MODULES = YES;
				CLANG_ENABLE_OBJC_ARC = YES;
				CLANG_ENABLE_OBJC_WEAK = YES;
				CLANG_WARN_BLOCK_CAPTURE_AUTORELEASING = YES;
				CLANG_WARN_BOOL_CONVERSION = YES;
				CLANG_WARN_COMMA = YES;
				CLANG_WARN_CONSTANT_CONVERSION = YES;
				CLANG_WARN_DEPRECATED_OBJC_IMPLEMENTATIONS = YES;
				CLANG_WARN_DIRECT_OBJC_ISA_USAGE = YES_ERROR;
				CLANG_WARN_DOCUMENTATION_COMMENTS = YES;
				CLANG_WARN_EMPTY_BODY = YES;
				CLANG_WARN_ENUM_CONVERSION = YES;
				CLANG_WARN_INFINITE_RECURSION = YES;
				CLANG_WARN_INT_CONVERSION = YES;
				CLANG_WARN_NON_LITERAL_NULL_CONVERSION = YES;
				CLANG_WARN_OBJC_IMPLICIT_RETAIN_SELF = YES;
				CLANG_WARN_OBJC_LITERAL_CONVERSION = YES;
				CLANG_WARN_OBJC_ROOT_CLASS = YES_ERROR;
				CLANG_WARN_QUOTED_INCLUDE_IN_FRAMEWORK_HEADER = YES;
				CLANG_WARN_RANGE_LOOP_ANALYSIS = YES;
				CLANG_WARN_STRICT_PROTOTYPES = YES;
				CLANG_WARN_SUSPICIOUS_MOVE = YES;
				CLANG_WARN_UNGUARDED_AVAILABILITY = YES_AGGRESSIVE;
				CLANG_WARN_UNREACHABLE_CODE = YES;
				CLANG_WARN__DUPLICATE_METHOD_MATCH = YES;
				COPY_PHASE_STRIP = NO;
				DEBUG_INFORMATION_FORMAT = "dwarf-with-dsym";
				ENABLE_NS_ASSERTIONS = NO;
				ENABLE_STRICT_OBJC_MSGSEND = YES;
				GCC_C_LANGUAGE_STANDARD = gnu11;
				GCC_NO_COMMON_BLOCKS = YES;
				GCC_WARN_64_TO_32_BIT_CONVERSION = YES;
				GCC_WARN_ABOUT_RETURN_TYPE = YES_ERROR;
				GCC_WARN_UNDECLARED_SELECTOR = YES;
				GCC_WARN_UNINITIALIZED_AUTOS = YES_AGGRESSIVE;
				GCC_WARN_UNUSED_FUNCTION = YES;
				GCC_WARN_UNUSED_VARIABLE = YES;
				IPHONEOS_DEPLOYMENT_TARGET = 16.0;
				MTL_ENABLE_DEBUG_INFO = NO;
				MTL_FAST_MATH = YES;
				SDKROOT = iphoneos;
				SWIFT_COMPILATION_MODE = wholemodule;
				SWIFT_OPTIMIZATION_LEVEL = "-O";
				VALIDATE_PRODUCT = YES;
			};
			name = Release;
		};
		AEB08FA72900E513008B5215 /* Debug */ = {
			isa = XCBuildConfiguration;
			buildSettings = {
				ASSETCATALOG_COMPILER_APPICON_NAME = AppIcon;
				ASSETCATALOG_COMPILER_GLOBAL_ACCENT_COLOR_NAME = AccentColor;
				CODE_SIGN_STYLE = Automatic;
				CURRENT_PROJECT_VERSION = 1;
				DEVELOPMENT_ASSET_PATHS = "\"CoreDataProjectV2/Preview Content\"";
				DEVELOPMENT_TEAM = 89Z423H9FL;
				ENABLE_PREVIEWS = YES;
				GENERATE_INFOPLIST_FILE = YES;
				INFOPLIST_KEY_UIApplicationSceneManifest_Generation = YES;
				INFOPLIST_KEY_UIApplicationSupportsIndirectInputEvents = YES;
				INFOPLIST_KEY_UILaunchScreen_Generation = YES;
				INFOPLIST_KEY_UISupportedInterfaceOrientations_iPad = "UIInterfaceOrientationPortrait UIInterfaceOrientationPortraitUpsideDown UIInterfaceOrientationLandscapeLeft UIInterfaceOrientationLandscapeRight";
				INFOPLIST_KEY_UISupportedInterfaceOrientations_iPhone = "UIInterfaceOrientationPortrait UIInterfaceOrientationLandscapeLeft UIInterfaceOrientationLandscapeRight";
				LD_RUNPATH_SEARCH_PATHS = (
					"$(inherited)",
					"@executable_path/Frameworks",
				);
				MARKETING_VERSION = 1.0;
				PRODUCT_BUNDLE_IDENTIFIER = ryanprince.CoreDataProjectV2;
				PRODUCT_NAME = "$(TARGET_NAME)";
				SWIFT_EMIT_LOC_STRINGS = YES;
				SWIFT_VERSION = 5.0;
				TARGETED_DEVICE_FAMILY = "1,2";
			};
			name = Debug;
		};
		AEB08FA82900E513008B5215 /* Release */ = {
			isa = XCBuildConfiguration;
			buildSettings = {
				ASSETCATALOG_COMPILER_APPICON_NAME = AppIcon;
				ASSETCATALOG_COMPILER_GLOBAL_ACCENT_COLOR_NAME = AccentColor;
				CODE_SIGN_STYLE = Automatic;
				CURRENT_PROJECT_VERSION = 1;
				DEVELOPMENT_ASSET_PATHS = "\"CoreDataProjectV2/Preview Content\"";
				DEVELOPMENT_TEAM = 89Z423H9FL;
				ENABLE_PREVIEWS = YES;
				GENERATE_INFOPLIST_FILE = YES;
				INFOPLIST_KEY_UIApplicationSceneManifest_Generation = YES;
				INFOPLIST_KEY_UIApplicationSupportsIndirectInputEvents = YES;
				INFOPLIST_KEY_UILaunchScreen_Generation = YES;
				INFOPLIST_KEY_UISupportedInterfaceOrientations_iPad = "UIInterfaceOrientationPortrait UIInterfaceOrientationPortraitUpsideDown UIInterfaceOrientationLandscapeLeft UIInterfaceOrientationLandscapeRight";
				INFOPLIST_KEY_UISupportedInterfaceOrientations_iPhone = "UIInterfaceOrientationPortrait UIInterfaceOrientationLandscapeLeft UIInterfaceOrientationLandscapeRight";
				LD_RUNPATH_SEARCH_PATHS = (
					"$(inherited)",
					"@executable_path/Frameworks",
				);
				MARKETING_VERSION = 1.0;
				PRODUCT_BUNDLE_IDENTIFIER = ryanprince.CoreDataProjectV2;
				PRODUCT_NAME = "$(TARGET_NAME)";
				SWIFT_EMIT_LOC_STRINGS = YES;
				SWIFT_VERSION = 5.0;
				TARGETED_DEVICE_FAMILY = "1,2";
			};
			name = Release;
		};
/* End XCBuildConfiguration section */

/* Begin XCConfigurationList section */
		AEB08F932900E511008B5215 /* Build configuration list for PBXProject "CoreDataProjectV2" */ = {
			isa = XCConfigurationList;
			buildConfigurations = (
				AEB08FA42900E513008B5215 /* Debug */,
				AEB08FA52900E513008B5215 /* Release */,
			);
			defaultConfigurationIsVisible = 0;
			defaultConfigurationName = Release;
		};
		AEB08FA62900E513008B5215 /* Build configuration list for PBXNativeTarget "CoreDataProjectV2" */ = {
			isa = XCConfigurationList;
			buildConfigurations = (
				AEB08FA72900E513008B5215 /* Debug */,
				AEB08FA82900E513008B5215 /* Release */,
			);
			defaultConfigurationIsVisible = 0;
			defaultConfigurationName = Release;
		};
/* End XCConfigurationList section */

/* Begin XCVersionGroup section */
		AEB08FA92900E550008B5215 /* CoreDataProjectV2.xcdatamodeld */ = {
			isa = XCVersionGroup;
			children = (
				AEB08FAA2900E550008B5215 /* CoreDataProjectV2.xcdatamodel */,
			);
			currentVersion = AEB08FAA2900E550008B5215 /* CoreDataProjectV2.xcdatamodel */;
			path = CoreDataProjectV2.xcdatamodeld;
			sourceTree = "<group>";
			versionGroupType = wrapper.xcdatamodel;
		};
/* End XCVersionGroup section */
	};
	rootObject = AEB08F902900E511008B5215 /* Project object */;
}
